{
  "nodes": {
    "acts-src": {
      "flake": false,
      "locked": {
        "lastModified": 1698354503,
        "narHash": "sha256-stRoSNq+LspmLWYAf2mZ+8HrugwvGiekGDZ1e6JqN3A=",
        "owner": "acts-project",
        "repo": "acts",
        "rev": "76826f208f5929d8326798c87263f2563d0ae7e9",
        "type": "github"
      },
      "original": {
        "owner": "acts-project",
        "ref": "v30.3.2",
        "repo": "acts",
        "type": "github"
      }
    },
    "algorithms-src": {
      "flake": false,
      "locked": {
        "lastModified": 1698420084,
        "narHash": "sha256-gye+EMSUo0UOydhh3mG86rjuhtdEK/BnR2ud2qT9HNA=",
        "owner": "eic",
        "repo": "algorithms",
        "rev": "ebc8f85709bc7233574843b843ee0191a5bf3c1d",
        "type": "github"
      },
      "original": {
        "owner": "eic",
        "repo": "algorithms",
        "rev": "ebc8f85709bc7233574843b843ee0191a5bf3c1d",
        "type": "github"
      }
    },
    "dd4hep-src": {
      "flake": false,
      "locked": {
        "lastModified": 1700579447,
        "narHash": "sha256-GUt5Cdm/Bl74mNJxVdfhgO+jFDWcycfqxPEmfWtl9PE=",
        "owner": "AIDASoft",
        "repo": "DD4hep",
        "rev": "04bb629ddab5344c8df69070c35573f2f8095c69",
        "type": "github"
      },
      "original": {
        "owner": "AIDASoft",
        "ref": "v01-27-01",
        "repo": "DD4hep",
        "type": "github"
      }
    },
    "edm4eic-src": {
      "flake": false,
      "locked": {
        "lastModified": 1698095659,
        "narHash": "sha256-tdDVzkchePTlhD3uLUjf8Ww09jiEXlMTDbb4W4Ao510=",
        "owner": "eic",
        "repo": "EDM4eic",
        "rev": "f41acf12643455f8decd8acb46f3ac50fce2a83e",
        "type": "github"
      },
      "original": {
        "owner": "eic",
        "ref": "v4.0.0",
        "repo": "EDM4eic",
        "type": "github"
      }
    },
    "edm4hep-src": {
      "flake": false,
      "locked": {
        "lastModified": 1689002358,
        "narHash": "sha256-qtw8VfYintpbwIeLqDX/KRSHJDJlBXy8VcD4UmCr4ho=",
        "owner": "key4hep",
        "repo": "EDM4hep",
        "rev": "3cf4537fc2d882dd78425510de14f9915fe79786",
        "type": "github"
      },
      "original": {
        "owner": "key4hep",
        "ref": "v00-10",
        "repo": "EDM4hep",
        "type": "github"
      }
    },
    "eicrecon-src": {
      "flake": false,
      "locked": {
        "lastModified": 1700252671,
        "narHash": "sha256-79v6gxmvjgV+jwp42DaO3yIveh+MgRB/mZ5sbShzDYs=",
        "owner": "eic",
        "repo": "EICrecon",
        "rev": "fdc79ac42bf27b9000e2a9c752b5b9cfc6a85ba4",
        "type": "github"
      },
      "original": {
        "owner": "eic",
        "ref": "v1.8.0",
        "repo": "EICrecon",
        "type": "github"
      }
    },
    "epic-src": {
      "flake": false,
      "locked": {
        "lastModified": 1691540088,
        "narHash": "sha256-EKll4cCfIpSxr5NBjpIMvufAacxOUP/w0/B2mSg/TQA=",
        "owner": "eic",
        "repo": "epic",
        "rev": "206677e12660535280438fefed67aae5b90223a1",
        "type": "github"
      },
      "original": {
        "owner": "eic",
        "ref": "23.08.0",
        "repo": "epic",
        "type": "github"
      }
    },
    "flake-compat": {
      "flake": false,
      "locked": {
        "lastModified": 1696426674,
        "narHash": "sha256-kvjfFW7WAETZlt09AgDn1MrtKzP7t90Vf7vypd3OL1U=",
        "owner": "edolstra",
        "repo": "flake-compat",
        "rev": "0f9255e01c2351cc7d116c072cb317785dd33b33",
        "type": "github"
      },
      "original": {
        "owner": "edolstra",
        "repo": "flake-compat",
        "type": "github"
      }
    },
    "jana2-src": {
      "flake": false,
      "locked": {
        "lastModified": 1700606162,
        "narHash": "sha256-M92HRmfavVWJuuPZKoakEnNIEw8SaNQUTbKGTnRtlh8=",
        "owner": "JeffersonLab",
        "repo": "JANA2",
        "rev": "3be28c29d7603f145d37dc76714c3e16074bcf58",
        "type": "github"
      },
      "original": {
        "owner": "JeffersonLab",
        "ref": "v2.1.2",
        "repo": "JANA2",
        "type": "github"
      }
    },
    "nixpkgs": {
      "locked": {
        "lastModified": 1663235518,
        "narHash": "sha256-q8zLK6rK/CLXEguaPgm9yQJcY0VQtOBhAT9EV2UFK/A=",
        "owner": "NixOS",
        "repo": "nixpkgs",
        "rev": "2277e4c9010b0f27585eb0bed0a86d7cbc079354",
        "type": "github"
      },
      "original": {
        "id": "nixpkgs",
        "type": "indirect"
      }
    },
    "podio-src": {
      "flake": false,
      "locked": {
        "lastModified": 1695623732,
        "narHash": "sha256-vownh0TrIMfUpcaDraIs3Ys/pz/hbKF5KMwJZBOVW24=",
        "owner": "AIDASoft",
        "repo": "podio",
        "rev": "babec745c12727cd5da590abbe1e3cf1ab8743ad",
        "type": "github"
      },
      "original": {
        "owner": "AIDASoft",
        "ref": "v00-17",
        "repo": "podio",
        "type": "github"
      }
    },
    "root": {
      "inputs": {
        "acts-src": "acts-src",
        "algorithms-src": "algorithms-src",
        "dd4hep-src": "dd4hep-src",
        "edm4eic-src": "edm4eic-src",
        "edm4hep-src": "edm4hep-src",
        "eicrecon-src": "eicrecon-src",
        "epic-src": "epic-src",
        "flake-compat": "flake-compat",
        "jana2-src": "jana2-src",
        "nixpkgs": "nixpkgs",
        "podio-src": "podio-src",
        "site-overlay": "site-overlay"
      }
    },
    "site-overlay": {
      "locked": {
        "lastModified": 1692478388,
        "narHash": "sha256-uVx/EVDRrXYjqHSZcpDbeNWG4mA0at11xi/dnN7xyEk=",
        "owner": "veprbl",
        "repo": "empty-overlay-flake",
        "rev": "a29c5c5670303cd98cc976072af11e9ad7daecb3",
        "type": "github"
      },
      "original": {
        "owner": "veprbl",
        "repo": "empty-overlay-flake",
        "type": "github"
      }
    }
  },
  "root": "root",
  "version": 7
}
