{
  "nodes": {
    "acts-src": {
      "flake": false,
      "locked": {
        "lastModified": 1701965410,
        "narHash": "sha256-x1B9YLekTu88p3/skFyHnEY+W6uHCjWrBLJZdTpJ+mU=",
        "owner": "acts-project",
        "repo": "acts",
        "rev": "1d2e90f534ff2c9bf1c40914980b426f4b5d3096",
        "type": "github"
      },
      "original": {
        "owner": "acts-project",
        "ref": "v31.2.0",
        "repo": "acts",
        "type": "github"
      }
    },
    "algorithms-src": {
      "flake": false,
      "locked": {
        "lastModified": 1706891806,
        "narHash": "sha256-2+aIgsBGGCg24yJ1MpKQKfc6KuyH0ChIjlZlCvTLsxI=",
        "owner": "eic",
        "repo": "algorithms",
        "rev": "6a0e78e3463004bacd78fcb234019f6db5257a9a",
        "type": "github"
      },
      "original": {
        "owner": "eic",
        "repo": "algorithms",
        "rev": "6a0e78e3463004bacd78fcb234019f6db5257a9a",
        "type": "github"
      }
    },
    "dd4hep-src": {
      "flake": false,
      "locked": {
        "lastModified": 1708694864,
        "narHash": "sha256-ogHFqVL9gG3eONVlYmqUDGboGoshXvjb4XvpxNzf91M=",
        "owner": "AIDASoft",
        "repo": "DD4hep",
        "rev": "abab2099dcf55540eb52e47a5956aeb96313fdff",
        "type": "github"
      },
      "original": {
        "owner": "AIDASoft",
        "ref": "v01-28",
        "repo": "DD4hep",
        "type": "github"
      }
    },
    "edm4eic-src": {
      "flake": false,
      "locked": {
        "lastModified": 1715106663,
        "narHash": "sha256-EDnSMOBPSZSE6rF73i6RDgC+MgXQaDkt+IRRNGz7DKQ=",
        "owner": "eic",
        "repo": "EDM4eic",
        "rev": "eb4974ecf00e0a2914501fd4dae4d6b20d2e6df0",
        "type": "github"
      },
      "original": {
        "owner": "eic",
        "ref": "v6.0.1",
        "repo": "EDM4eic",
        "type": "github"
      }
    },
    "edm4hep-src": {
      "flake": false,
      "locked": {
        "lastModified": 1707322440,
        "narHash": "sha256-X0csukA44sbHTwBJVWqVvEDFFM+sFXjduqpbVZgiczc=",
        "owner": "key4hep",
        "repo": "EDM4hep",
        "rev": "7e1efbeec9f59ca08d57a875c01df36ee2877d31",
        "type": "github"
      },
      "original": {
        "owner": "key4hep",
        "ref": "v00-10-05",
        "repo": "EDM4hep",
        "type": "github"
      }
    },
    "eicrecon-src": {
      "flake": false,
      "locked": {
        "lastModified": 1715513784,
        "narHash": "sha256-ReLMuTanXasEGffqkB0q5Mz0UkfZf2rZQ72q3rTHaQM=",
        "owner": "eic",
        "repo": "EICrecon",
        "rev": "83a885279bafcda4fc0f9defc0f49264d4da8d25",
        "type": "github"
      },
      "original": {
        "owner": "eic",
        "ref": "v1.13.2",
        "repo": "EICrecon",
        "type": "github"
      }
    },
    "epic-src": {
      "flake": false,
      "locked": {
        "lastModified": 1717470158,
        "narHash": "sha256-VpinE4UJf/ynrZoqnM7hnkZcl5/E9xA/xDuSPNtj3bE=",
        "owner": "eic",
        "repo": "epic",
        "rev": "7fc37802736b81b3fc22ccefabc702c49dd050ad",
        "type": "github"
      },
      "original": {
        "owner": "eic",
        "ref": "24.06.0",
        "repo": "epic",
        "type": "github"
      }
    },
    "flake-compat": {
      "flake": false,
      "locked": {
        "lastModified": 1696426674,
        "narHash": "sha256-kvjfFW7WAETZlt09AgDn1MrtKzP7t90Vf7vypd3OL1U=",
        "owner": "edolstra",
        "repo": "flake-compat",
        "rev": "0f9255e01c2351cc7d116c072cb317785dd33b33",
        "type": "github"
      },
      "original": {
        "owner": "edolstra",
        "repo": "flake-compat",
        "type": "github"
      }
    },
    "jana2-src": {
      "flake": false,
      "locked": {
        "lastModified": 1714569394,
        "narHash": "sha256-5tpioFIVMvoRfUqgvKfJBgainKBlM9r6rRpuPpkzWjg=",
        "owner": "JeffersonLab",
        "repo": "JANA2",
        "rev": "2f819c282ca171b86d9a5d8c3ed34c5e923f5e37",
        "type": "github"
      },
      "original": {
        "owner": "JeffersonLab",
        "ref": "v2.2.0",
        "repo": "JANA2",
        "type": "github"
      }
    },
    "juggler-src": {
      "flake": false,
      "locked": {
        "host": "eicweb.phy.anl.gov",
        "lastModified": 1716436818,
        "narHash": "sha256-Y0xe9npZidLFOuuu5ONCYKSGtUeSdyyasLrdmduNDEo=",
        "owner": "EIC",
        "repo": "juggler",
        "rev": "4d98591b8d9a4ec77521b0246a2b2683849753cb",
        "type": "gitlab"
      },
      "original": {
        "host": "eicweb.phy.anl.gov",
        "owner": "EIC",
        "ref": "v14.0.3",
        "repo": "juggler",
        "type": "gitlab"
      }
    },
    "nixpkgs": {
      "locked": {
        "lastModified": 1706801171,
        "narHash": "sha256-k+lPMYA0W27OsoF5AOn0w5Ck052S8jIAyspqlnq95+E=",
        "owner": "NixOS",
        "repo": "nixpkgs",
        "rev": "8772f1756b894743dc9cbd7dc5baad588d1db2d7",
        "type": "github"
      },
      "original": {
        "id": "nixpkgs",
        "type": "indirect"
      }
    },
    "podio-src": {
      "flake": false,
      "locked": {
        "lastModified": 1707235914,
        "narHash": "sha256-gNtTpVa3RkHFZi3vGHciD0S3nqASkd3PjRsA6CCAkx0=",
        "owner": "AIDASoft",
        "repo": "podio",
        "rev": "a081c2f139c477a8361982dd304443a44d2f4d31",
        "type": "github"
      },
      "original": {
        "owner": "AIDASoft",
        "ref": "v00-99",
        "repo": "podio",
        "type": "github"
      }
    },
    "root": {
      "inputs": {
        "acts-src": "acts-src",
        "algorithms-src": "algorithms-src",
        "dd4hep-src": "dd4hep-src",
        "edm4eic-src": "edm4eic-src",
        "edm4hep-src": "edm4hep-src",
        "eicrecon-src": "eicrecon-src",
        "epic-src": "epic-src",
        "flake-compat": "flake-compat",
        "jana2-src": "jana2-src",
        "juggler-src": "juggler-src",
        "nixpkgs": "nixpkgs",
        "podio-src": "podio-src",
        "site-overlay": "site-overlay"
      }
    },
    "site-overlay": {
      "locked": {
        "lastModified": 1692478388,
        "narHash": "sha256-uVx/EVDRrXYjqHSZcpDbeNWG4mA0at11xi/dnN7xyEk=",
        "owner": "veprbl",
        "repo": "empty-overlay-flake",
        "rev": "a29c5c5670303cd98cc976072af11e9ad7daecb3",
        "type": "github"
      },
      "original": {
        "owner": "veprbl",
        "repo": "empty-overlay-flake",
        "type": "github"
      }
    }
  },
  "root": "root",
  "version": 7
}
