{
  "nodes": {
    "acts-src": {
      "flake": false,
      "locked": {
        "lastModified": 1698354503,
        "narHash": "sha256-stRoSNq+LspmLWYAf2mZ+8HrugwvGiekGDZ1e6JqN3A=",
        "owner": "acts-project",
        "repo": "acts",
        "rev": "76826f208f5929d8326798c87263f2563d0ae7e9",
        "type": "github"
      },
      "original": {
        "owner": "acts-project",
        "ref": "v30.3.2",
        "repo": "acts",
        "type": "github"
      }
    },
    "algorithms-src": {
      "flake": false,
      "locked": {
        "lastModified": 1704159389,
        "narHash": "sha256-Lx1Esce+B9gKfitcNS61gdatQRhOZyXJ9iIXSbXPbo0=",
        "owner": "eic",
        "repo": "algorithms",
        "rev": "e42f75e031e46e3425e3223c8b6af361a618c3ed",
        "type": "github"
      },
      "original": {
        "owner": "eic",
        "repo": "algorithms",
        "rev": "e42f75e031e46e3425e3223c8b6af361a618c3ed",
        "type": "github"
      }
    },
    "dd4hep-src": {
      "flake": false,
      "locked": {
        "lastModified": 1700579447,
        "narHash": "sha256-GUt5Cdm/Bl74mNJxVdfhgO+jFDWcycfqxPEmfWtl9PE=",
        "owner": "AIDASoft",
        "repo": "DD4hep",
        "rev": "04bb629ddab5344c8df69070c35573f2f8095c69",
        "type": "github"
      },
      "original": {
        "owner": "AIDASoft",
        "ref": "v01-27-01",
        "repo": "DD4hep",
        "type": "github"
      }
    },
    "edm4eic-src": {
      "flake": false,
      "locked": {
        "lastModified": 1698095659,
        "narHash": "sha256-tdDVzkchePTlhD3uLUjf8Ww09jiEXlMTDbb4W4Ao510=",
        "owner": "eic",
        "repo": "EDM4eic",
        "rev": "f41acf12643455f8decd8acb46f3ac50fce2a83e",
        "type": "github"
      },
      "original": {
        "owner": "eic",
        "ref": "v4.0.0",
        "repo": "EDM4eic",
        "type": "github"
      }
    },
    "edm4hep-src": {
      "flake": false,
      "locked": {
        "lastModified": 1700584051,
        "narHash": "sha256-E3yR8zeXQGB66hKIT0k2jFjPyuT0h4Qel3Zmebk7R5A=",
        "owner": "key4hep",
        "repo": "EDM4hep",
        "rev": "d3066e5e8898a39d05a66e37dc4ff8105545654c",
        "type": "github"
      },
      "original": {
        "owner": "key4hep",
        "ref": "v00-10-02",
        "repo": "EDM4hep",
        "type": "github"
      }
    },
    "eicrecon-src": {
      "flake": false,
      "locked": {
        "lastModified": 1702058038,
        "narHash": "sha256-mq2jAtdITmMcCaijOLu8/piTRe8Er7gNBW2+0L3/PLA=",
        "owner": "eic",
        "repo": "EICrecon",
        "rev": "3ad7e59cc30a871f6ef219215131334df9badf7a",
        "type": "github"
      },
      "original": {
        "owner": "eic",
        "ref": "v1.9.0",
        "repo": "EICrecon",
        "type": "github"
      }
    },
    "epic-src": {
      "flake": false,
      "locked": {
        "lastModified": 1702141064,
        "narHash": "sha256-WIuERj3LKLYhNgIJb3dwqivrQGB6WQEHHkbOotE2ivg=",
        "owner": "eic",
        "repo": "epic",
        "rev": "103f90e98ffe0cf522a6955fb35ef775958858f8",
        "type": "github"
      },
      "original": {
        "owner": "eic",
        "ref": "23.12.0",
        "repo": "epic",
        "type": "github"
      }
    },
    "flake-compat": {
      "flake": false,
      "locked": {
        "lastModified": 1696426674,
        "narHash": "sha256-kvjfFW7WAETZlt09AgDn1MrtKzP7t90Vf7vypd3OL1U=",
        "owner": "edolstra",
        "repo": "flake-compat",
        "rev": "0f9255e01c2351cc7d116c072cb317785dd33b33",
        "type": "github"
      },
      "original": {
        "owner": "edolstra",
        "repo": "flake-compat",
        "type": "github"
      }
    },
    "jana2-src": {
      "flake": false,
      "locked": {
        "lastModified": 1700606162,
        "narHash": "sha256-M92HRmfavVWJuuPZKoakEnNIEw8SaNQUTbKGTnRtlh8=",
        "owner": "JeffersonLab",
        "repo": "JANA2",
        "rev": "3be28c29d7603f145d37dc76714c3e16074bcf58",
        "type": "github"
      },
      "original": {
        "owner": "JeffersonLab",
        "ref": "v2.1.2",
        "repo": "JANA2",
        "type": "github"
      }
    },
    "nixpkgs": {
      "locked": {
        "lastModified": 1702444334,
        "narHash": "sha256-vxZd9EjLzicTRCyffxqTu9Y5KJgBz8T/ZksxJfZ15js=",
        "owner": "NixOS",
        "repo": "nixpkgs",
        "rev": "9a81165eceee0aec8e12876372f20b689cda031d",
        "type": "github"
      },
      "original": {
        "id": "nixpkgs",
        "type": "indirect"
      }
    },
    "podio-src": {
      "flake": false,
      "locked": {
        "lastModified": 1695623732,
        "narHash": "sha256-vownh0TrIMfUpcaDraIs3Ys/pz/hbKF5KMwJZBOVW24=",
        "owner": "AIDASoft",
        "repo": "podio",
        "rev": "babec745c12727cd5da590abbe1e3cf1ab8743ad",
        "type": "github"
      },
      "original": {
        "owner": "AIDASoft",
        "ref": "v00-17",
        "repo": "podio",
        "type": "github"
      }
    },
    "root": {
      "inputs": {
        "acts-src": "acts-src",
        "algorithms-src": "algorithms-src",
        "dd4hep-src": "dd4hep-src",
        "edm4eic-src": "edm4eic-src",
        "edm4hep-src": "edm4hep-src",
        "eicrecon-src": "eicrecon-src",
        "epic-src": "epic-src",
        "flake-compat": "flake-compat",
        "jana2-src": "jana2-src",
        "nixpkgs": "nixpkgs",
        "podio-src": "podio-src",
        "site-overlay": "site-overlay"
      }
    },
    "site-overlay": {
      "locked": {
        "lastModified": 1692478388,
        "narHash": "sha256-uVx/EVDRrXYjqHSZcpDbeNWG4mA0at11xi/dnN7xyEk=",
        "owner": "veprbl",
        "repo": "empty-overlay-flake",
        "rev": "a29c5c5670303cd98cc976072af11e9ad7daecb3",
        "type": "github"
      },
      "original": {
        "owner": "veprbl",
        "repo": "empty-overlay-flake",
        "type": "github"
      }
    }
  },
  "root": "root",
  "version": 7
}
